
Microsoft Visual Studio Solution File, Format Version 12.00
# Visual Studio 15
VisualStudioVersion = 15.0.26430.14
MinimumVisualStudioVersion = 10.0.40219.1
Project("{FAE04EC0-301F-11D3-BF4B-00C04F79EFBC}") = "iNetPrizeClawControlService", "iNetPrizeClawControlService\iNetPrizeClawControlService.csproj", "{A6ADC6DD-DAF2-45C1-B4F4-0E82A7B8B0C3}"
EndProject
Project("{FAE04EC0-301F-11D3-BF4B-00C04F79EFBC}") = "NetWorkCore", "NetWorkCore\NetWorkCore.csproj", "{BCFA26EB-B115-4656-B5A4-BE47496846ED}"
EndProject
Project("{FAE04EC0-301F-11D3-BF4B-00C04F79EFBC}") = "iNetPrizeClawApi", "iNetPrizeClawApi\iNetPrizeClawApi.csproj", "{B1697C9D-D796-48BA-A10C-A2F5BA47A452}"
EndProject
Global
	GlobalSection(SolutionConfigurationPlatforms) = preSolution
		Debug|Any CPU = Debug|Any CPU
		Release|Any CPU = Release|Any CPU
	EndGlobalSection
	GlobalSection(ProjectConfigurationPlatforms) = postSolution
		{A6ADC6DD-DAF2-45C1-B4F4-0E82A7B8B0C3}.Debug|Any CPU.ActiveCfg = Debug|Any CPU
		{A6ADC6DD-DAF2-45C1-B4F4-0E82A7B8B0C3}.Debug|Any CPU.Build.0 = Debug|Any CPU
		{A6ADC6DD-DAF2-45C1-B4F4-0E82A7B8B0C3}.Release|Any CPU.ActiveCfg = Release|Any CPU
		{A6ADC6DD-DAF2-45C1-B4F4-0E82A7B8B0C3}.Release|Any CPU.Build.0 = Release|Any CPU
		{BCFA26EB-B115-4656-B5A4-BE47496846ED}.Debug|Any CPU.ActiveCfg = Debug|Any CPU
		{BCFA26EB-B115-4656-B5A4-BE47496846ED}.Debug|Any CPU.Build.0 = Debug|Any CPU
		{BCFA26EB-B115-4656-B5A4-BE47496846ED}.Release|Any CPU.ActiveCfg = Release|Any CPU
		{BCFA26EB-B115-4656-B5A4-BE47496846ED}.Release|Any CPU.Build.0 = Release|Any CPU
		{B1697C9D-D796-48BA-A10C-A2F5BA47A452}.Debug|Any CPU.ActiveCfg = Debug|Any CPU
		{B1697C9D-D796-48BA-A10C-A2F5BA47A452}.Debug|Any CPU.Build.0 = Debug|Any CPU
		{B1697C9D-D796-48BA-A10C-A2F5BA47A452}.Release|Any CPU.ActiveCfg = Release|Any CPU
		{B1697C9D-D796-48BA-A10C-A2F5BA47A452}.Release|Any CPU.Build.0 = Release|Any CPU
	EndGlobalSection
	GlobalSection(SolutionProperties) = preSolution
		HideSolutionNode = FALSE
	EndGlobalSection
EndGlobal
